
Microsoft Visual Studio Solution File, Format Version 12.00
# Visual Studio Version 16
VisualStudioVersion = 16.0.32106.194
MinimumVisualStudioVersion = 10.0.40219.1
Project("{FAE04EC0-301F-11D3-BF4B-00C04F79EFBC}") = "Laboratorywork7Variant27", "Laboratorywork7Variant27\Laboratorywork7Variant27.csproj", "{6891EFA3-C425-49B8-B573-AA8BDDDA80EE}"
EndProject
Global
	GlobalSection(SolutionConfigurationPlatforms) = preSolution
		Debug|Any CPU = Debug|Any CPU
		Release|Any CPU = Release|Any CPU
	EndGlobalSection
	GlobalSection(ProjectConfigurationPlatforms) = postSolution
		{6891EFA3-C425-49B8-B573-AA8BDDDA80EE}.Debug|Any CPU.ActiveCfg = Debug|Any CPU
		{6891EFA3-C425-49B8-B573-AA8BDDDA80EE}.Debug|Any CPU.Build.0 = Debug|Any CPU
		{6891EFA3-C425-49B8-B573-AA8BDDDA80EE}.Release|Any CPU.ActiveCfg = Release|Any CPU
		{6891EFA3-C425-49B8-B573-AA8BDDDA80EE}.Release|Any CPU.Build.0 = Release|Any CPU
	EndGlobalSection
	GlobalSection(SolutionProperties) = preSolution
		HideSolutionNode = FALSE
	EndGlobalSection
	GlobalSection(ExtensibilityGlobals) = postSolution
		SolutionGuid = {48E58C33-B29D-4848-8BE0-B0B6167B3C48}
	EndGlobalSection
EndGlobal
