
Microsoft Visual Studio Solution File, Format Version 12.00
# Visual Studio Version 16
VisualStudioVersion = 16.0.30611.23
MinimumVisualStudioVersion = 10.0.40219.1
Project("{FAE04EC0-301F-11D3-BF4B-00C04F79EFBC}") = "Matrix", "Matrix\Matrix.csproj", "{65EC1E36-E06F-4788-9F74-F31AC3C300D0}"
EndProject
Global
	GlobalSection(SolutionConfigurationPlatforms) = preSolution
		Debug|Any CPU = Debug|Any CPU
		Release|Any CPU = Release|Any CPU
	EndGlobalSection
	GlobalSection(ProjectConfigurationPlatforms) = postSolution
		{65EC1E36-E06F-4788-9F74-F31AC3C300D0}.Debug|Any CPU.ActiveCfg = Debug|Any CPU
		{65EC1E36-E06F-4788-9F74-F31AC3C300D0}.Debug|Any CPU.Build.0 = Debug|Any CPU
		{65EC1E36-E06F-4788-9F74-F31AC3C300D0}.Release|Any CPU.ActiveCfg = Release|Any CPU
		{65EC1E36-E06F-4788-9F74-F31AC3C300D0}.Release|Any CPU.Build.0 = Release|Any CPU
	EndGlobalSection
	GlobalSection(SolutionProperties) = preSolution
		HideSolutionNode = FALSE
	EndGlobalSection
	GlobalSection(ExtensibilityGlobals) = postSolution
		SolutionGuid = {E7912950-62B7-4F56-A778-E6C67AD87EAC}
	EndGlobalSection
EndGlobal
