
Microsoft Visual Studio Solution File, Format Version 12.00
# Visual Studio Version 16
VisualStudioVersion = 16.0.30611.23
MinimumVisualStudioVersion = 10.0.40219.1
Project("{FAE04EC0-301F-11D3-BF4B-00C04F79EFBC}") = "laboratorywork2Variant27", "laboratorywork2Variant27\laboratorywork2Variant27.csproj", "{69986420-E375-48E7-897C-DC6E78B87057}"
EndProject
Global
	GlobalSection(SolutionConfigurationPlatforms) = preSolution
		Debug|Any CPU = Debug|Any CPU
		Release|Any CPU = Release|Any CPU
	EndGlobalSection
	GlobalSection(ProjectConfigurationPlatforms) = postSolution
		{69986420-E375-48E7-897C-DC6E78B87057}.Debug|Any CPU.ActiveCfg = Debug|Any CPU
		{69986420-E375-48E7-897C-DC6E78B87057}.Debug|Any CPU.Build.0 = Debug|Any CPU
		{69986420-E375-48E7-897C-DC6E78B87057}.Release|Any CPU.ActiveCfg = Release|Any CPU
		{69986420-E375-48E7-897C-DC6E78B87057}.Release|Any CPU.Build.0 = Release|Any CPU
	EndGlobalSection
	GlobalSection(SolutionProperties) = preSolution
		HideSolutionNode = FALSE
	EndGlobalSection
	GlobalSection(ExtensibilityGlobals) = postSolution
		SolutionGuid = {6EE823A1-0778-4BD2-8E59-6495A3EDAE58}
	EndGlobalSection
EndGlobal
