
Microsoft Visual Studio Solution File, Format Version 12.00
# Visual Studio Version 16
VisualStudioVersion = 16.0.32106.194
MinimumVisualStudioVersion = 10.0.40219.1
Project("{FAE04EC0-301F-11D3-BF4B-00C04F79EFBC}") = "Laboratorywork4Variat27", "Laboratorywork4Variat27\Laboratorywork4Variat27.csproj", "{5217393E-F912-4346-8290-EDD996DB4151}"
EndProject
Global
	GlobalSection(SolutionConfigurationPlatforms) = preSolution
		Debug|Any CPU = Debug|Any CPU
		Release|Any CPU = Release|Any CPU
	EndGlobalSection
	GlobalSection(ProjectConfigurationPlatforms) = postSolution
		{5217393E-F912-4346-8290-EDD996DB4151}.Debug|Any CPU.ActiveCfg = Debug|Any CPU
		{5217393E-F912-4346-8290-EDD996DB4151}.Debug|Any CPU.Build.0 = Debug|Any CPU
		{5217393E-F912-4346-8290-EDD996DB4151}.Release|Any CPU.ActiveCfg = Release|Any CPU
		{5217393E-F912-4346-8290-EDD996DB4151}.Release|Any CPU.Build.0 = Release|Any CPU
	EndGlobalSection
	GlobalSection(SolutionProperties) = preSolution
		HideSolutionNode = FALSE
	EndGlobalSection
	GlobalSection(ExtensibilityGlobals) = postSolution
		SolutionGuid = {18837B47-7EA3-4E96-A1AF-EE385D1433EA}
	EndGlobalSection
EndGlobal
